{
  "nodes": {
    "flake-utils": {
      "inputs": {
        "systems": [
          "systems"
        ]
      },
      "locked": {
        "lastModified": 1731533236,
        "narHash": "sha256-l0KFg5HjrsfsO/JpG+r7fRrqm12kzFHyUHqHCVpMMbI=",
        "owner": "numtide",
        "repo": "flake-utils",
        "rev": "11707dc2f618dd54ca8739b309ec4fc024de578b",
        "type": "github"
      },
      "original": {
        "owner": "numtide",
        "repo": "flake-utils",
        "type": "github"
      }
    },
    "nix-rust-build": {
      "inputs": {
        "flake-utils": [
          "flake-utils"
        ],
        "nixpkgs": [
          "nixpkgs"
        ],
        "systems": [
          "systems"
        ]
      },
      "locked": {
        "lastModified": 1757255548,
        "narHash": "sha256-0t652eq5t+UKo+DkESY5F9vDWefojyVH3GzxYEKxt+Y=",
        "owner": "RobinMarchart",
        "repo": "nix-rust-build",
        "rev": "83fd345e8981d41e7c4564fb3975e686a43b3fae",
        "type": "github"
      },
      "original": {
        "owner": "RobinMarchart",
        "repo": "nix-rust-build",
        "type": "github"
      }
    },
    "nixpkgs": {
      "locked": {
        "lastModified": 1757000881,
        "narHash": "sha256-Cl3ep4eX9Katb2m/DJLmbfltPSRaWnVAFtoI+VPVDLk=",
        "owner": "NixOS",
        "repo": "nixpkgs",
        "rev": "0987f8f26d7b889e23a7c533ae6d998b27924899",
        "type": "github"
      },
      "original": {
        "owner": "NixOS",
        "ref": "nixpkgs-unstable",
        "repo": "nixpkgs",
        "type": "github"
      }
    },
    "root": {
      "inputs": {
        "flake-utils": "flake-utils",
        "nix-rust-build": "nix-rust-build",
        "nixpkgs": "nixpkgs",
        "rust-overlay": "rust-overlay",
        "systems": "systems"
      }
    },
    "rust-overlay": {
      "inputs": {
        "nixpkgs": [
          "nixpkgs"
        ]
      },
      "locked": {
        "lastModified": 1757212513,
        "narHash": "sha256-ZTHwY7u8BQF1JUazhGk+ftCjsS57Ht6KSnnkxQoUBA8=",
        "owner": "oxalica",
        "repo": "rust-overlay",
        "rev": "a8c2f9348abb14647d8a4899d1b3acd0155ce2cd",
        "type": "github"
      },
      "original": {
        "owner": "oxalica",
        "repo": "rust-overlay",
        "type": "github"
      }
    },
    "systems": {
      "locked": {
        "lastModified": 1689347949,
        "narHash": "sha256-12tWmuL2zgBgZkdoB6qXZsgJEH9LR3oUgpaQq2RbI80=",
        "owner": "nix-systems",
        "repo": "default-linux",
        "rev": "31732fcf5e8fea42e59c2488ad31a0e651500f68",
        "type": "github"
      },
      "original": {
        "owner": "nix-systems",
        "repo": "default-linux",
        "type": "github"
      }
    }
  },
  "root": "root",
  "version": 7
}
