{
  "nodes": {
    "crane": {
      "locked": {
        "lastModified": 1734808813,
        "narHash": "sha256-3aH/0Y6ajIlfy7j52FGZ+s4icVX0oHhqBzRdlOeztqg=",
        "owner": "ipetkov",
        "repo": "crane",
        "rev": "72e2d02dbac80c8c86bf6bf3e785536acf8ee926",
        "type": "github"
      },
      "original": {
        "owner": "ipetkov",
        "repo": "crane",
        "type": "github"
      }
    },
    "flake-utils": {
      "inputs": {
        "systems": [
          "systems"
        ]
      },
      "locked": {
        "lastModified": 1731533236,
        "narHash": "sha256-l0KFg5HjrsfsO/JpG+r7fRrqm12kzFHyUHqHCVpMMbI=",
        "owner": "numtide",
        "repo": "flake-utils",
        "rev": "11707dc2f618dd54ca8739b309ec4fc024de578b",
        "type": "github"
      },
      "original": {
        "owner": "numtide",
        "repo": "flake-utils",
        "type": "github"
      }
    },
    "nixpkgs": {
      "locked": {
        "lastModified": 1735617354,
        "narHash": "sha256-5zJyv66q68QZJZsXtmjDBazGnF0id593VSy+8eSckoo=",
        "owner": "NixOS",
        "repo": "nixpkgs",
        "rev": "69b9a8c860bdbb977adfa9c5e817ccb717884182",
        "type": "github"
      },
      "original": {
        "owner": "NixOS",
        "ref": "nixpkgs-unstable",
        "repo": "nixpkgs",
        "type": "github"
      }
    },
    "root": {
      "inputs": {
        "crane": "crane",
        "flake-utils": "flake-utils",
        "nixpkgs": "nixpkgs",
        "rust-overlay": "rust-overlay",
        "systems": "systems"
      }
    },
    "rust-overlay": {
      "inputs": {
        "nixpkgs": [
          "nixpkgs"
        ]
      },
      "locked": {
        "lastModified": 1735784864,
        "narHash": "sha256-tIl5p3ueaPw7T5T1UXkLc8ISMk6Y8CI/D/rd0msf73I=",
        "owner": "oxalica",
        "repo": "rust-overlay",
        "rev": "04d5f1836721461b256ec452883362c5edc5288e",
        "type": "github"
      },
      "original": {
        "owner": "oxalica",
        "repo": "rust-overlay",
        "type": "github"
      }
    },
    "systems": {
      "locked": {
        "lastModified": 1689347949,
        "narHash": "sha256-12tWmuL2zgBgZkdoB6qXZsgJEH9LR3oUgpaQq2RbI80=",
        "owner": "nix-systems",
        "repo": "default-linux",
        "rev": "31732fcf5e8fea42e59c2488ad31a0e651500f68",
        "type": "github"
      },
      "original": {
        "owner": "nix-systems",
        "repo": "default-linux",
        "type": "github"
      }
    }
  },
  "root": "root",
  "version": 7
}
