{
  "nodes": {
    "crane": {
      "locked": {
        "lastModified": 1736101677,
        "narHash": "sha256-iKOPq86AOWCohuzxwFy/MtC8PcSVGnrxBOvxpjpzrAY=",
        "owner": "ipetkov",
        "repo": "crane",
        "rev": "61ba163d85e5adeddc7b3a69bb174034965965b2",
        "type": "github"
      },
      "original": {
        "owner": "ipetkov",
        "repo": "crane",
        "type": "github"
      }
    },
    "flake-utils": {
      "inputs": {
        "systems": [
          "systems"
        ]
      },
      "locked": {
        "lastModified": 1731533236,
        "narHash": "sha256-l0KFg5HjrsfsO/JpG+r7fRrqm12kzFHyUHqHCVpMMbI=",
        "owner": "numtide",
        "repo": "flake-utils",
        "rev": "11707dc2f618dd54ca8739b309ec4fc024de578b",
        "type": "github"
      },
      "original": {
        "owner": "numtide",
        "repo": "flake-utils",
        "type": "github"
      }
    },
    "nixpkgs": {
      "locked": {
        "lastModified": 1735915915,
        "narHash": "sha256-Q4HuFAvoKAIiTRZTUxJ0ZXeTC7lLfC9/dggGHNXNlCw=",
        "owner": "NixOS",
        "repo": "nixpkgs",
        "rev": "a27871180d30ebee8aa6b11bf7fef8a52f024733",
        "type": "github"
      },
      "original": {
        "owner": "NixOS",
        "ref": "nixpkgs-unstable",
        "repo": "nixpkgs",
        "type": "github"
      }
    },
    "root": {
      "inputs": {
        "crane": "crane",
        "flake-utils": "flake-utils",
        "nixpkgs": "nixpkgs",
        "rust-overlay": "rust-overlay",
        "systems": "systems"
      }
    },
    "rust-overlay": {
      "inputs": {
        "nixpkgs": [
          "nixpkgs"
        ]
      },
      "locked": {
        "lastModified": 1736044260,
        "narHash": "sha256-DTAr0mAd8AZwWgRtU9ZZFPz3DwNeoH/Oi/1QMSqc9YQ=",
        "owner": "oxalica",
        "repo": "rust-overlay",
        "rev": "c8ed24cc104ebbc218d992e208131e9f024b69f0",
        "type": "github"
      },
      "original": {
        "owner": "oxalica",
        "repo": "rust-overlay",
        "type": "github"
      }
    },
    "systems": {
      "locked": {
        "lastModified": 1689347949,
        "narHash": "sha256-12tWmuL2zgBgZkdoB6qXZsgJEH9LR3oUgpaQq2RbI80=",
        "owner": "nix-systems",
        "repo": "default-linux",
        "rev": "31732fcf5e8fea42e59c2488ad31a0e651500f68",
        "type": "github"
      },
      "original": {
        "owner": "nix-systems",
        "repo": "default-linux",
        "type": "github"
      }
    }
  },
  "root": "root",
  "version": 7
}
